
Microsoft Visual Studio Solution File, Format Version 12.00
# Visual Studio Version 17
VisualStudioVersion = 17.8.34309.116
MinimumVisualStudioVersion = 10.0.40219.1
Project("{9A19103F-16F7-4668-BE54-9A1E7A4F7556}") = "GameEngineEditor", "GameEngineEditor\GameEngineEditor.csproj", "{CC6196D6-5C37-4DB9-A182-7F74289F8836}"
	ProjectSection(ProjectDependencies) = postProject
		{164B62F8-73ED-4BAF-8EC2-98FC4EA0AA0D} = {164B62F8-73ED-4BAF-8EC2-98FC4EA0AA0D}
		{47830EE9-D6DA-4730-AB7C-F59D6281D79B} = {47830EE9-D6DA-4730-AB7C-F59D6281D79B}
		{B715AFE6-5033-474F-85C5-D75AA1DD473A} = {B715AFE6-5033-474F-85C5-D75AA1DD473A}
	EndProjectSection
EndProject
Project("{8BC9CEB8-8B4A-11D0-8D11-00A0C91BC942}") = "GameEngine", "GameEngine\GameEngine.vcxproj", "{47830EE9-D6DA-4730-AB7C-F59D6281D79B}"
EndProject
Project("{8BC9CEB8-8B4A-11D0-8D11-00A0C91BC942}") = "EngineTest", "EngineTest\EngineTest.vcxproj", "{B715AFE6-5033-474F-85C5-D75AA1DD473A}"
	ProjectSection(ProjectDependencies) = postProject
		{47830EE9-D6DA-4730-AB7C-F59D6281D79B} = {47830EE9-D6DA-4730-AB7C-F59D6281D79B}
	EndProjectSection
EndProject
Project("{8BC9CEB8-8B4A-11D0-8D11-00A0C91BC942}") = "GameEngineDll", "GameEngineDll\GameEngineDll.vcxproj", "{164B62F8-73ED-4BAF-8EC2-98FC4EA0AA0D}"
	ProjectSection(ProjectDependencies) = postProject
		{47830EE9-D6DA-4730-AB7C-F59D6281D79B} = {47830EE9-D6DA-4730-AB7C-F59D6281D79B}
	EndProjectSection
EndProject
Global
	GlobalSection(SolutionConfigurationPlatforms) = preSolution
		Debug|Any CPU = Debug|Any CPU
		Debug|x64 = Debug|x64
		DebugEditor|Any CPU = DebugEditor|Any CPU
		DebugEditor|x64 = DebugEditor|x64
		Release|Any CPU = Release|Any CPU
		Release|x64 = Release|x64
		ReleaseEditor|Any CPU = ReleaseEditor|Any CPU
		ReleaseEditor|x64 = ReleaseEditor|x64
	EndGlobalSection
	GlobalSection(ProjectConfigurationPlatforms) = postSolution
		{CC6196D6-5C37-4DB9-A182-7F74289F8836}.Debug|Any CPU.ActiveCfg = Debug|Any CPU
		{CC6196D6-5C37-4DB9-A182-7F74289F8836}.Debug|x64.ActiveCfg = Debug|Any CPU
		{CC6196D6-5C37-4DB9-A182-7F74289F8836}.Debug|x64.Build.0 = Debug|Any CPU
		{CC6196D6-5C37-4DB9-A182-7F74289F8836}.DebugEditor|Any CPU.ActiveCfg = DebugEditor|Any CPU
		{CC6196D6-5C37-4DB9-A182-7F74289F8836}.DebugEditor|x64.ActiveCfg = DebugEditor|Any CPU
		{CC6196D6-5C37-4DB9-A182-7F74289F8836}.DebugEditor|x64.Build.0 = DebugEditor|Any CPU
		{CC6196D6-5C37-4DB9-A182-7F74289F8836}.Release|Any CPU.ActiveCfg = Release|Any CPU
		{CC6196D6-5C37-4DB9-A182-7F74289F8836}.Release|x64.ActiveCfg = Release|Any CPU
		{CC6196D6-5C37-4DB9-A182-7F74289F8836}.Release|x64.Build.0 = Release|Any CPU
		{CC6196D6-5C37-4DB9-A182-7F74289F8836}.ReleaseEditor|Any CPU.ActiveCfg = ReleaseEditor|Any CPU
		{CC6196D6-5C37-4DB9-A182-7F74289F8836}.ReleaseEditor|x64.ActiveCfg = ReleaseEditor|Any CPU
		{CC6196D6-5C37-4DB9-A182-7F74289F8836}.ReleaseEditor|x64.Build.0 = ReleaseEditor|Any CPU
		{47830EE9-D6DA-4730-AB7C-F59D6281D79B}.Debug|Any CPU.ActiveCfg = Debug|x64
		{47830EE9-D6DA-4730-AB7C-F59D6281D79B}.Debug|Any CPU.Build.0 = Debug|x64
		{47830EE9-D6DA-4730-AB7C-F59D6281D79B}.Debug|x64.ActiveCfg = Debug|x64
		{47830EE9-D6DA-4730-AB7C-F59D6281D79B}.Debug|x64.Build.0 = Debug|x64
		{47830EE9-D6DA-4730-AB7C-F59D6281D79B}.DebugEditor|Any CPU.ActiveCfg = DebugEditor|x64
		{47830EE9-D6DA-4730-AB7C-F59D6281D79B}.DebugEditor|Any CPU.Build.0 = DebugEditor|x64
		{47830EE9-D6DA-4730-AB7C-F59D6281D79B}.DebugEditor|x64.ActiveCfg = DebugEditor|x64
		{47830EE9-D6DA-4730-AB7C-F59D6281D79B}.DebugEditor|x64.Build.0 = DebugEditor|x64
		{47830EE9-D6DA-4730-AB7C-F59D6281D79B}.Release|Any CPU.ActiveCfg = Release|x64
		{47830EE9-D6DA-4730-AB7C-F59D6281D79B}.Release|Any CPU.Build.0 = Release|x64
		{47830EE9-D6DA-4730-AB7C-F59D6281D79B}.Release|x64.ActiveCfg = Release|x64
		{47830EE9-D6DA-4730-AB7C-F59D6281D79B}.Release|x64.Build.0 = Release|x64
		{47830EE9-D6DA-4730-AB7C-F59D6281D79B}.ReleaseEditor|Any CPU.ActiveCfg = ReleaseEditor|x64
		{47830EE9-D6DA-4730-AB7C-F59D6281D79B}.ReleaseEditor|Any CPU.Build.0 = ReleaseEditor|x64
		{47830EE9-D6DA-4730-AB7C-F59D6281D79B}.ReleaseEditor|x64.ActiveCfg = ReleaseEditor|x64
		{47830EE9-D6DA-4730-AB7C-F59D6281D79B}.ReleaseEditor|x64.Build.0 = ReleaseEditor|x64
		{B715AFE6-5033-474F-85C5-D75AA1DD473A}.Debug|Any CPU.ActiveCfg = Debug|x64
		{B715AFE6-5033-474F-85C5-D75AA1DD473A}.Debug|Any CPU.Build.0 = Debug|x64
		{B715AFE6-5033-474F-85C5-D75AA1DD473A}.Debug|x64.ActiveCfg = Debug|x64
		{B715AFE6-5033-474F-85C5-D75AA1DD473A}.Debug|x64.Build.0 = Debug|x64
		{B715AFE6-5033-474F-85C5-D75AA1DD473A}.DebugEditor|Any CPU.ActiveCfg = DebugEditor|x64
		{B715AFE6-5033-474F-85C5-D75AA1DD473A}.DebugEditor|Any CPU.Build.0 = DebugEditor|x64
		{B715AFE6-5033-474F-85C5-D75AA1DD473A}.DebugEditor|x64.ActiveCfg = DebugEditor|x64
		{B715AFE6-5033-474F-85C5-D75AA1DD473A}.DebugEditor|x64.Build.0 = DebugEditor|x64
		{B715AFE6-5033-474F-85C5-D75AA1DD473A}.Release|Any CPU.ActiveCfg = Release|x64
		{B715AFE6-5033-474F-85C5-D75AA1DD473A}.Release|Any CPU.Build.0 = Release|x64
		{B715AFE6-5033-474F-85C5-D75AA1DD473A}.Release|x64.ActiveCfg = Release|x64
		{B715AFE6-5033-474F-85C5-D75AA1DD473A}.Release|x64.Build.0 = Release|x64
		{B715AFE6-5033-474F-85C5-D75AA1DD473A}.ReleaseEditor|Any CPU.ActiveCfg = ReleaseEditor|x64
		{B715AFE6-5033-474F-85C5-D75AA1DD473A}.ReleaseEditor|Any CPU.Build.0 = ReleaseEditor|x64
		{B715AFE6-5033-474F-85C5-D75AA1DD473A}.ReleaseEditor|x64.ActiveCfg = ReleaseEditor|x64
		{B715AFE6-5033-474F-85C5-D75AA1DD473A}.ReleaseEditor|x64.Build.0 = ReleaseEditor|x64
		{164B62F8-73ED-4BAF-8EC2-98FC4EA0AA0D}.Debug|Any CPU.ActiveCfg = Debug|x64
		{164B62F8-73ED-4BAF-8EC2-98FC4EA0AA0D}.Debug|Any CPU.Build.0 = Debug|x64
		{164B62F8-73ED-4BAF-8EC2-98FC4EA0AA0D}.Debug|x64.ActiveCfg = Debug|x64
		{164B62F8-73ED-4BAF-8EC2-98FC4EA0AA0D}.Debug|x64.Build.0 = Debug|x64
		{164B62F8-73ED-4BAF-8EC2-98FC4EA0AA0D}.DebugEditor|Any CPU.ActiveCfg = DebugEditor|x64
		{164B62F8-73ED-4BAF-8EC2-98FC4EA0AA0D}.DebugEditor|Any CPU.Build.0 = DebugEditor|x64
		{164B62F8-73ED-4BAF-8EC2-98FC4EA0AA0D}.DebugEditor|x64.ActiveCfg = DebugEditor|x64
		{164B62F8-73ED-4BAF-8EC2-98FC4EA0AA0D}.DebugEditor|x64.Build.0 = DebugEditor|x64
		{164B62F8-73ED-4BAF-8EC2-98FC4EA0AA0D}.Release|Any CPU.ActiveCfg = Release|x64
		{164B62F8-73ED-4BAF-8EC2-98FC4EA0AA0D}.Release|Any CPU.Build.0 = Release|x64
		{164B62F8-73ED-4BAF-8EC2-98FC4EA0AA0D}.Release|x64.ActiveCfg = Release|x64
		{164B62F8-73ED-4BAF-8EC2-98FC4EA0AA0D}.Release|x64.Build.0 = Release|x64
		{164B62F8-73ED-4BAF-8EC2-98FC4EA0AA0D}.ReleaseEditor|Any CPU.ActiveCfg = ReleaseEditor|x64
		{164B62F8-73ED-4BAF-8EC2-98FC4EA0AA0D}.ReleaseEditor|Any CPU.Build.0 = ReleaseEditor|x64
		{164B62F8-73ED-4BAF-8EC2-98FC4EA0AA0D}.ReleaseEditor|x64.ActiveCfg = ReleaseEditor|x64
		{164B62F8-73ED-4BAF-8EC2-98FC4EA0AA0D}.ReleaseEditor|x64.Build.0 = ReleaseEditor|x64
	EndGlobalSection
	GlobalSection(SolutionProperties) = preSolution
		HideSolutionNode = FALSE
	EndGlobalSection
	GlobalSection(ExtensibilityGlobals) = postSolution
		SolutionGuid = {A76DF213-B3EF-4E29-88B1-B6E430B67639}
	EndGlobalSection
EndGlobal
